
Microsoft Visual Studio Solution File, Format Version 12.00
# Visual Studio Version 16
VisualStudioVersion = 16.0.28803.156
MinimumVisualStudioVersion = 10.0.40219.1
Project("{FAE04EC0-301F-11D3-BF4B-00C04F79EFBC}") = "numberGuesser", "numberGuesser.csproj", "{106DB7EC-B10C-49E8-9EF0-04EB6699F3C1}"
EndProject
Global
	GlobalSection(SolutionConfigurationPlatforms) = preSolution
		Debug|Any CPU = Debug|Any CPU
		Release|Any CPU = Release|Any CPU
	EndGlobalSection
	GlobalSection(ProjectConfigurationPlatforms) = postSolution
		{106DB7EC-B10C-49E8-9EF0-04EB6699F3C1}.Debug|Any CPU.ActiveCfg = Debug|Any CPU
		{106DB7EC-B10C-49E8-9EF0-04EB6699F3C1}.Debug|Any CPU.Build.0 = Debug|Any CPU
		{106DB7EC-B10C-49E8-9EF0-04EB6699F3C1}.Release|Any CPU.ActiveCfg = Release|Any CPU
		{106DB7EC-B10C-49E8-9EF0-04EB6699F3C1}.Release|Any CPU.Build.0 = Release|Any CPU
	EndGlobalSection
	GlobalSection(SolutionProperties) = preSolution
		HideSolutionNode = FALSE
	EndGlobalSection
	GlobalSection(ExtensibilityGlobals) = postSolution
		SolutionGuid = {0E7CCD30-2391-41FF-843B-E4CC831D06E1}
	EndGlobalSection
EndGlobal
